# THIS IS AN AUTOGENERATED FILE. DO NOT EDIT THIS FILE DIRECTLY.
# yarn lockfile v1


"@faker-js/faker@^7.3.0":
  version "7.3.0"
  resolved "https://registry.yarnpkg.com/@faker-js/faker/-/faker-7.3.0.tgz#a508df35ded585c4e071cb5d9d7c89623c837fae"
  integrity sha512-1W0PZezq2rxlAssoWemi9gFRD8IQxvf0FPL5Km3TOmGHFG7ib0TbFBJ0yC7D/1NsxunjNTK6WjUXV8ao/mKZ5w==

faker@5.5.3:
  version "5.5.3"
  resolved "https://registry.yarnpkg.com/faker/-/faker-5.5.3.tgz#c57974ee484431b25205c2c8dc09fda861e51e0e"
  integrity sha512-wLTv2a28wjUyWkbnX7u/ABZBkUkIF2fCd73V6P2oFqEGEktDfzWx4UxrSqtPRw0xPRAcjeAOIiJWqZm3pP4u3g==
